// !$*UTF8*$!
{
	archiveVersion = 1;
	classes = {
	};
	objectVersion = 51;
	objects = {

/* Begin PBXBuildFile section */
		16FD085222C139A30033D4A8 /* SuggestedProductsCollectionViewCell.swift in Sources */ = {isa = PBXBuildFile; fileRef = 16FD085122C139A30033D4A8 /* SuggestedProductsCollectionViewCell.swift */; };
		16FD085422C13B3B0033D4A8 /* BeginnerProductsCollectionViewCell.swift in Sources */ = {isa = PBXBuildFile; fileRef = 16FD085322C13B3B0033D4A8 /* BeginnerProductsCollectionViewCell.swift */; };
		16FD085622C13BC00033D4A8 /* IntermediateProductsCollectionViewCell.swift in Sources */ = {isa = PBXBuildFile; fileRef = 16FD085522C13BC00033D4A8 /* IntermediateProductsCollectionViewCell.swift */; };
		16FD085822C13C130033D4A8 /* AdvancedProductsCollectionViewCell.swift in Sources */ = {isa = PBXBuildFile; fileRef = 16FD085722C13C130033D4A8 /* AdvancedProductsCollectionViewCell.swift */; };
		16FD085A22C3C8E70033D4A8 /* CustomTableView.swift in Sources */ = {isa = PBXBuildFile; fileRef = 16FD085922C3C8E70033D4A8 /* CustomTableView.swift */; };
		16FD085C22C3D8880033D4A8 /* CustomUIImage.swift in Sources */ = {isa = PBXBuildFile; fileRef = 16FD085B22C3D8880033D4A8 /* CustomUIImage.swift */; };
		16FDEAEF22BD2F11005B66E0 /* Style Guide.swift in Sources */ = {isa = PBXBuildFile; fileRef = 16FDEAEE22BD2F11005B66E0 /* Style Guide.swift */; };
		16FDEAF122BD30AE005B66E0 /* CustomBarButtonItems.swift in Sources */ = {isa = PBXBuildFile; fileRef = 16FDEAF022BD30AE005B66E0 /* CustomBarButtonItems.swift */; };
		16FDEAF322BD372A005B66E0 /* CustomLabel.swift in Sources */ = {isa = PBXBuildFile; fileRef = 16FDEAF222BD3729005B66E0 /* CustomLabel.swift */; };
		16FDEAF522BD39B6005B66E0 /* CustomTextField.swift in Sources */ = {isa = PBXBuildFile; fileRef = 16FDEAF422BD39B6005B66E0 /* CustomTextField.swift */; };
		16FDEAF722BD3E52005B66E0 /* CustomReviewLabel.swift in Sources */ = {isa = PBXBuildFile; fileRef = 16FDEAF622BD3E52005B66E0 /* CustomReviewLabel.swift */; };
		16FDEAF922BD3EBF005B66E0 /* CustomCollectionView.swift in Sources */ = {isa = PBXBuildFile; fileRef = 16FDEAF822BD3EBF005B66E0 /* CustomCollectionView.swift */; };
		16FDEAFB22BD3FA6005B66E0 /* CustomCollectionViewView.swift in Sources */ = {isa = PBXBuildFile; fileRef = 16FDEAFA22BD3FA6005B66E0 /* CustomCollectionViewView.swift */; };
		16FFDFD222C427DA00640A33 /* CustomTextView.swift in Sources */ = {isa = PBXBuildFile; fileRef = 16FFDFD122C427DA00640A33 /* CustomTextView.swift */; };
		16FFDFD422C530DC00640A33 /* CustomSearchBar.swift in Sources */ = {isa = PBXBuildFile; fileRef = 16FFDFD322C530DC00640A33 /* CustomSearchBar.swift */; };
		16FFDFD622C5320B00640A33 /* CustomLocationButton.swift in Sources */ = {isa = PBXBuildFile; fileRef = 16FFDFD522C5320B00640A33 /* CustomLocationButton.swift */; };
		17056A8022BD428500EF5742 /* CoreLocationManager.swift in Sources */ = {isa = PBXBuildFile; fileRef = 17056A7F22BD428500EF5742 /* CoreLocationManager.swift */; };
		1718269822BAA6240019B317 /* User.swift in Sources */ = {isa = PBXBuildFile; fileRef = 1718269722BAA6240019B317 /* User.swift */; };
		1718269C22BAA82A0019B317 /* UserController.swift in Sources */ = {isa = PBXBuildFile; fileRef = 1718269B22BAA82A0019B317 /* UserController.swift */; };
		171826A022BACCD30019B317 /* JuiceNowBusinessInfoController.swift in Sources */ = {isa = PBXBuildFile; fileRef = 1718269F22BACCD30019B317 /* JuiceNowBusinessInfoController.swift */; };
		171826A222BACD420019B317 /* JuiceNowBusiessReviewController.swift in Sources */ = {isa = PBXBuildFile; fileRef = 171826A122BACD420019B317 /* JuiceNowBusiessReviewController.swift */; };
		171826A422BAE51D0019B317 /* JuiceReviewController.swift in Sources */ = {isa = PBXBuildFile; fileRef = 171826A322BAE51D0019B317 /* JuiceReviewController.swift */; };
		1725050822BC298100C0EB63 /* VisitedCollectionViewCell.swift in Sources */ = {isa = PBXBuildFile; fileRef = 1725050722BC298100C0EB63 /* VisitedCollectionViewCell.swift */; };
		1725050A22BC29A900C0EB63 /* ReviewTableViewCell.swift in Sources */ = {isa = PBXBuildFile; fileRef = 1725050922BC29A900C0EB63 /* ReviewTableViewCell.swift */; };
		1725050C22BC2B0400C0EB63 /* CheatSheetCollectionViewController.swift in Sources */ = {isa = PBXBuildFile; fileRef = 1725050B22BC2B0400C0EB63 /* CheatSheetCollectionViewController.swift */; };
		1725050E22BC3CCA00C0EB63 /* InitialFetchViewController.swift in Sources */ = {isa = PBXBuildFile; fileRef = 1725050D22BC3CCA00C0EB63 /* InitialFetchViewController.swift */; };
		1732EC5922B455C900E09DD3 /* AppDelegate.swift in Sources */ = {isa = PBXBuildFile; fileRef = 1732EC5822B455C900E09DD3 /* AppDelegate.swift */; };
		1732EC5E22B455C900E09DD3 /* Main.storyboard in Resources */ = {isa = PBXBuildFile; fileRef = 1732EC5C22B455C900E09DD3 /* Main.storyboard */; };
		1732EC6122B455C900E09DD3 /* GroupProject.xcdatamodeld in Sources */ = {isa = PBXBuildFile; fileRef = 1732EC5F22B455C900E09DD3 /* GroupProject.xcdatamodeld */; };
		1732EC6322B455CA00E09DD3 /* Assets.xcassets in Resources */ = {isa = PBXBuildFile; fileRef = 1732EC6222B455CA00E09DD3 /* Assets.xcassets */; };
		1732EC6622B455CA00E09DD3 /* LaunchScreen.storyboard in Resources */ = {isa = PBXBuildFile; fileRef = 1732EC6422B455CA00E09DD3 /* LaunchScreen.storyboard */; };
		178E476522B831100097F4DD /* Business.swift in Sources */ = {isa = PBXBuildFile; fileRef = 178E476422B831100097F4DD /* Business.swift */; };
		178E476822B8312A0097F4DD /* YelpReview.swift in Sources */ = {isa = PBXBuildFile; fileRef = 178E476722B8312A0097F4DD /* YelpReview.swift */; };
		178E476A22B832A00097F4DD /* YelpService.swift in Sources */ = {isa = PBXBuildFile; fileRef = 178E476922B832A00097F4DD /* YelpService.swift */; };
		178E476D22B844020097F4DD /* BusinessController.swift in Sources */ = {isa = PBXBuildFile; fileRef = 178E476C22B844020097F4DD /* BusinessController.swift */; };
		178E477022B844140097F4DD /* YelpReviewController.swift in Sources */ = {isa = PBXBuildFile; fileRef = 178E476F22B844140097F4DD /* YelpReviewController.swift */; };
		17EB5F5C22B9890600927617 /* JuiceNowBusinessInfo.swift in Sources */ = {isa = PBXBuildFile; fileRef = 17EB5F5B22B9890600927617 /* JuiceNowBusinessInfo.swift */; };
		17EB5F5E22B98A4200927617 /* JuiceNowBusinessReview.swift in Sources */ = {isa = PBXBuildFile; fileRef = 17EB5F5D22B98A4200927617 /* JuiceNowBusinessReview.swift */; };
		17EB5F6022B98B0C00927617 /* JuiceReview.swift in Sources */ = {isa = PBXBuildFile; fileRef = 17EB5F5F22B98B0C00927617 /* JuiceReview.swift */; };
		17EB5F6222B99AF900927617 /* GoogleService-Info.plist in Resources */ = {isa = PBXBuildFile; fileRef = 17EB5F6122B99AF900927617 /* GoogleService-Info.plist */; };
		17EB5F6622B9A17900927617 /* FirebaseService.swift in Sources */ = {isa = PBXBuildFile; fileRef = 17EB5F6522B9A17900927617 /* FirebaseService.swift */; };
		17EB5F6822B9A25100927617 /* FirestoreReferenceManager.swift in Sources */ = {isa = PBXBuildFile; fileRef = 17EB5F6722B9A25100927617 /* FirestoreReferenceManager.swift */; };
		CA03A7D822C5295600B2EC9C /* ProfileTab.storyboard in Resources */ = {isa = PBXBuildFile; fileRef = CA03A7D722C5295600B2EC9C /* ProfileTab.storyboard */; };
		CA03A7DA22C5297B00B2EC9C /* SearchTab.storyboard in Resources */ = {isa = PBXBuildFile; fileRef = CA03A7D922C5297B00B2EC9C /* SearchTab.storyboard */; };
		CA03A7DC22C5299600B2EC9C /* RecipeTab.storyboard in Resources */ = {isa = PBXBuildFile; fileRef = CA03A7DB22C5299600B2EC9C /* RecipeTab.storyboard */; };
		CA03A7DE22C529B400B2EC9C /* ProductTab.storyboard in Resources */ = {isa = PBXBuildFile; fileRef = CA03A7DD22C529B400B2EC9C /* ProductTab.storyboard */; };
		CA03A7E022C529F500B2EC9C /* JuiceReview.storyboard in Resources */ = {isa = PBXBuildFile; fileRef = CA03A7DF22C529F500B2EC9C /* JuiceReview.storyboard */; };
		CA03A7E222C52A0F00B2EC9C /* LocationDetails.storyboard in Resources */ = {isa = PBXBuildFile; fileRef = CA03A7E122C52A0F00B2EC9C /* LocationDetails.storyboard */; };
		CA03A7E422C52A2E00B2EC9C /* Help.storyboard in Resources */ = {isa = PBXBuildFile; fileRef = CA03A7E322C52A2E00B2EC9C /* Help.storyboard */; };
		CA03A7E622C52A4200B2EC9C /* RecipeDetail.storyboard in Resources */ = {isa = PBXBuildFile; fileRef = CA03A7E522C52A4200B2EC9C /* RecipeDetail.storyboard */; };
		CA488C2722BC2242000C6224 /* FeaturedRecipeCollectionViewCell.swift in Sources */ = {isa = PBXBuildFile; fileRef = CA488C2622BC2242000C6224 /* FeaturedRecipeCollectionViewCell.swift */; };
		CA488C2922BC22D2000C6224 /* AllRecipesCollectionViewCell.swift in Sources */ = {isa = PBXBuildFile; fileRef = CA488C2822BC22D2000C6224 /* AllRecipesCollectionViewCell.swift */; };
		CA4CCFA222C576F1003E944E /* PaddingLabel.swift in Sources */ = {isa = PBXBuildFile; fileRef = CA4CCFA122C576F1003E944E /* PaddingLabel.swift */; };
		CA5678C522B9976F0062306C /* Recipe.swift in Sources */ = {isa = PBXBuildFile; fileRef = CA5678C422B9976F0062306C /* Recipe.swift */; };
		CA5678C722B9978F0062306C /* RecipeController.swift in Sources */ = {isa = PBXBuildFile; fileRef = CA5678C622B9978F0062306C /* RecipeController.swift */; };
		CA611AC522C13BE900122569 /* ImagePicker.swift in Sources */ = {isa = PBXBuildFile; fileRef = CA611AC422C13BE900122569 /* ImagePicker.swift */; };
		CA611AC722C1852400122569 /* SliderStepper.swift in Sources */ = {isa = PBXBuildFile; fileRef = CA611AC622C1852400122569 /* SliderStepper.swift */; };
		CA7704E622BD415D004FC270 /* Product.swift in Sources */ = {isa = PBXBuildFile; fileRef = CA7704E522BD415D004FC270 /* Product.swift */; };
		CA7704E822BD4357004FC270 /* ProductController.swift in Sources */ = {isa = PBXBuildFile; fileRef = CA7704E722BD4357004FC270 /* ProductController.swift */; };
		CA78F25322BAAA4C00F068E1 /* LocationTableViewCell.swift in Sources */ = {isa = PBXBuildFile; fileRef = CA78F25222BAAA4C00F068E1 /* LocationTableViewCell.swift */; };
		CA78F25522BAE78C00F068E1 /* Debouncer.swift in Sources */ = {isa = PBXBuildFile; fileRef = CA78F25422BAE78C00F068E1 /* Debouncer.swift */; };
		CA80A48D22B8130200558D20 /* LocationSearchViewController.swift in Sources */ = {isa = PBXBuildFile; fileRef = CA80A48C22B8130200558D20 /* LocationSearchViewController.swift */; };
		CA80A48F22B8131100558D20 /* RecipesViewController.swift in Sources */ = {isa = PBXBuildFile; fileRef = CA80A48E22B8131100558D20 /* RecipesViewController.swift */; };
		CA80A49122B8132A00558D20 /* ProductsViewController.swift in Sources */ = {isa = PBXBuildFile; fileRef = CA80A49022B8132A00558D20 /* ProductsViewController.swift */; };
		CA80A49422B8143900558D20 /* ProfileViewController.swift in Sources */ = {isa = PBXBuildFile; fileRef = CA80A49322B8143900558D20 /* ProfileViewController.swift */; };
		CA80A49822B814CF00558D20 /* RecipeViewController.swift in Sources */ = {isa = PBXBuildFile; fileRef = CA80A49722B814CF00558D20 /* RecipeViewController.swift */; };
		CA80A49A22B814FA00558D20 /* ReviewViewController.swift in Sources */ = {isa = PBXBuildFile; fileRef = CA80A49922B814FA00558D20 /* ReviewViewController.swift */; };
		CA80A49E22B8153D00558D20 /* HelpViewController.swift in Sources */ = {isa = PBXBuildFile; fileRef = CA80A49D22B8153D00558D20 /* HelpViewController.swift */; };
		CA80A4A022B8156800558D20 /* LocationDetailsViewController.swift in Sources */ = {isa = PBXBuildFile; fileRef = CA80A49F22B8156800558D20 /* LocationDetailsViewController.swift */; };
		CAD108BE22BBF66300BEC4FE /* LocationReviewTableViewCell.swift in Sources */ = {isa = PBXBuildFile; fileRef = CAD108BD22BBF66300BEC4FE /* LocationReviewTableViewCell.swift */; };
		F802FEFF2D707DCECB38856E /* Pods_GroupProject.framework in Frameworks */ = {isa = PBXBuildFile; fileRef = 1367DF4F86852A5B90BC18DA /* Pods_GroupProject.framework */; };
/* End PBXBuildFile section */

/* Begin PBXFileReference section */
		1367DF4F86852A5B90BC18DA /* Pods_GroupProject.framework */ = {isa = PBXFileReference; explicitFileType = wrapper.framework; includeInIndex = 0; path = Pods_GroupProject.framework; sourceTree = BUILT_PRODUCTS_DIR; };
		16FD085122C139A30033D4A8 /* SuggestedProductsCollectionViewCell.swift */ = {isa = PBXFileReference; lastKnownFileType = sourcecode.swift; path = SuggestedProductsCollectionViewCell.swift; sourceTree = "<group>"; };
		16FD085322C13B3B0033D4A8 /* BeginnerProductsCollectionViewCell.swift */ = {isa = PBXFileReference; lastKnownFileType = sourcecode.swift; path = BeginnerProductsCollectionViewCell.swift; sourceTree = "<group>"; };
		16FD085522C13BC00033D4A8 /* IntermediateProductsCollectionViewCell.swift */ = {isa = PBXFileReference; lastKnownFileType = sourcecode.swift; path = IntermediateProductsCollectionViewCell.swift; sourceTree = "<group>"; };
		16FD085722C13C130033D4A8 /* AdvancedProductsCollectionViewCell.swift */ = {isa = PBXFileReference; lastKnownFileType = sourcecode.swift; path = AdvancedProductsCollectionViewCell.swift; sourceTree = "<group>"; };
		16FD085922C3C8E70033D4A8 /* CustomTableView.swift */ = {isa = PBXFileReference; lastKnownFileType = sourcecode.swift; path = CustomTableView.swift; sourceTree = "<group>"; };
		16FD085B22C3D8880033D4A8 /* CustomUIImage.swift */ = {isa = PBXFileReference; lastKnownFileType = sourcecode.swift; path = CustomUIImage.swift; sourceTree = "<group>"; };
		16FDEAEE22BD2F11005B66E0 /* Style Guide.swift */ = {isa = PBXFileReference; lastKnownFileType = sourcecode.swift; path = "Style Guide.swift"; sourceTree = "<group>"; };
		16FDEAF022BD30AE005B66E0 /* CustomBarButtonItems.swift */ = {isa = PBXFileReference; lastKnownFileType = sourcecode.swift; path = CustomBarButtonItems.swift; sourceTree = "<group>"; };
		16FDEAF222BD3729005B66E0 /* CustomLabel.swift */ = {isa = PBXFileReference; lastKnownFileType = sourcecode.swift; path = CustomLabel.swift; sourceTree = "<group>"; };
		16FDEAF422BD39B6005B66E0 /* CustomTextField.swift */ = {isa = PBXFileReference; lastKnownFileType = sourcecode.swift; path = CustomTextField.swift; sourceTree = "<group>"; };
		16FDEAF622BD3E52005B66E0 /* CustomReviewLabel.swift */ = {isa = PBXFileReference; lastKnownFileType = sourcecode.swift; path = CustomReviewLabel.swift; sourceTree = "<group>"; };
		16FDEAF822BD3EBF005B66E0 /* CustomCollectionView.swift */ = {isa = PBXFileReference; lastKnownFileType = sourcecode.swift; path = CustomCollectionView.swift; sourceTree = "<group>"; };
		16FDEAFA22BD3FA6005B66E0 /* CustomCollectionViewView.swift */ = {isa = PBXFileReference; lastKnownFileType = sourcecode.swift; path = CustomCollectionViewView.swift; sourceTree = "<group>"; };
		16FFDFD122C427DA00640A33 /* CustomTextView.swift */ = {isa = PBXFileReference; lastKnownFileType = sourcecode.swift; path = CustomTextView.swift; sourceTree = "<group>"; };
		16FFDFD322C530DC00640A33 /* CustomSearchBar.swift */ = {isa = PBXFileReference; lastKnownFileType = sourcecode.swift; path = CustomSearchBar.swift; sourceTree = "<group>"; };
		16FFDFD522C5320B00640A33 /* CustomLocationButton.swift */ = {isa = PBXFileReference; lastKnownFileType = sourcecode.swift; path = CustomLocationButton.swift; sourceTree = "<group>"; };
		17056A7F22BD428500EF5742 /* CoreLocationManager.swift */ = {isa = PBXFileReference; lastKnownFileType = sourcecode.swift; path = CoreLocationManager.swift; sourceTree = "<group>"; };
		1718269722BAA6240019B317 /* User.swift */ = {isa = PBXFileReference; lastKnownFileType = sourcecode.swift; path = User.swift; sourceTree = "<group>"; };
		1718269B22BAA82A0019B317 /* UserController.swift */ = {isa = PBXFileReference; lastKnownFileType = sourcecode.swift; path = UserController.swift; sourceTree = "<group>"; };
		1718269F22BACCD30019B317 /* JuiceNowBusinessInfoController.swift */ = {isa = PBXFileReference; lastKnownFileType = sourcecode.swift; path = JuiceNowBusinessInfoController.swift; sourceTree = "<group>"; };
		171826A122BACD420019B317 /* JuiceNowBusiessReviewController.swift */ = {isa = PBXFileReference; lastKnownFileType = sourcecode.swift; path = JuiceNowBusiessReviewController.swift; sourceTree = "<group>"; };
		171826A322BAE51D0019B317 /* JuiceReviewController.swift */ = {isa = PBXFileReference; lastKnownFileType = sourcecode.swift; path = JuiceReviewController.swift; sourceTree = "<group>"; };
		1725050722BC298100C0EB63 /* VisitedCollectionViewCell.swift */ = {isa = PBXFileReference; lastKnownFileType = sourcecode.swift; path = VisitedCollectionViewCell.swift; sourceTree = "<group>"; };
		1725050922BC29A900C0EB63 /* ReviewTableViewCell.swift */ = {isa = PBXFileReference; lastKnownFileType = sourcecode.swift; path = ReviewTableViewCell.swift; sourceTree = "<group>"; };
		1725050B22BC2B0400C0EB63 /* CheatSheetCollectionViewController.swift */ = {isa = PBXFileReference; lastKnownFileType = sourcecode.swift; path = CheatSheetCollectionViewController.swift; sourceTree = "<group>"; };
		1725050D22BC3CCA00C0EB63 /* InitialFetchViewController.swift */ = {isa = PBXFileReference; lastKnownFileType = sourcecode.swift; path = InitialFetchViewController.swift; sourceTree = "<group>"; };
		1732EC5522B455C900E09DD3 /* GroupProject.app */ = {isa = PBXFileReference; explicitFileType = wrapper.application; includeInIndex = 0; path = GroupProject.app; sourceTree = BUILT_PRODUCTS_DIR; };
		1732EC5822B455C900E09DD3 /* AppDelegate.swift */ = {isa = PBXFileReference; lastKnownFileType = sourcecode.swift; path = AppDelegate.swift; sourceTree = "<group>"; };
		1732EC5D22B455C900E09DD3 /* Base */ = {isa = PBXFileReference; lastKnownFileType = file.storyboard; name = Base; path = Base.lproj/Main.storyboard; sourceTree = "<group>"; };
		1732EC6022B455C900E09DD3 /* GroupProject.xcdatamodel */ = {isa = PBXFileReference; lastKnownFileType = wrapper.xcdatamodel; path = GroupProject.xcdatamodel; sourceTree = "<group>"; };
		1732EC6222B455CA00E09DD3 /* Assets.xcassets */ = {isa = PBXFileReference; lastKnownFileType = folder.assetcatalog; path = Assets.xcassets; sourceTree = "<group>"; };
		1732EC6522B455CA00E09DD3 /* Base */ = {isa = PBXFileReference; lastKnownFileType = file.storyboard; name = Base; path = Base.lproj/LaunchScreen.storyboard; sourceTree = "<group>"; };
		1732EC6722B455CA00E09DD3 /* Info.plist */ = {isa = PBXFileReference; lastKnownFileType = text.plist.xml; path = Info.plist; sourceTree = "<group>"; };
		178E476422B831100097F4DD /* Business.swift */ = {isa = PBXFileReference; lastKnownFileType = sourcecode.swift; path = Business.swift; sourceTree = "<group>"; };
		178E476722B8312A0097F4DD /* YelpReview.swift */ = {isa = PBXFileReference; lastKnownFileType = sourcecode.swift; path = YelpReview.swift; sourceTree = "<group>"; };
		178E476922B832A00097F4DD /* YelpService.swift */ = {isa = PBXFileReference; lastKnownFileType = sourcecode.swift; path = YelpService.swift; sourceTree = "<group>"; };
		178E476C22B844020097F4DD /* BusinessController.swift */ = {isa = PBXFileReference; lastKnownFileType = sourcecode.swift; path = BusinessController.swift; sourceTree = "<group>"; };
		178E476F22B844140097F4DD /* YelpReviewController.swift */ = {isa = PBXFileReference; lastKnownFileType = sourcecode.swift; path = YelpReviewController.swift; sourceTree = "<group>"; };
		17EB5F5B22B9890600927617 /* JuiceNowBusinessInfo.swift */ = {isa = PBXFileReference; lastKnownFileType = sourcecode.swift; path = JuiceNowBusinessInfo.swift; sourceTree = "<group>"; };
		17EB5F5D22B98A4200927617 /* JuiceNowBusinessReview.swift */ = {isa = PBXFileReference; lastKnownFileType = sourcecode.swift; path = JuiceNowBusinessReview.swift; sourceTree = "<group>"; };
		17EB5F5F22B98B0C00927617 /* JuiceReview.swift */ = {isa = PBXFileReference; lastKnownFileType = sourcecode.swift; path = JuiceReview.swift; sourceTree = "<group>"; };
		17EB5F6122B99AF900927617 /* GoogleService-Info.plist */ = {isa = PBXFileReference; fileEncoding = 4; lastKnownFileType = text.plist.xml; path = "GoogleService-Info.plist"; sourceTree = "<group>"; };
		17EB5F6522B9A17900927617 /* FirebaseService.swift */ = {isa = PBXFileReference; lastKnownFileType = sourcecode.swift; path = FirebaseService.swift; sourceTree = "<group>"; };
		17EB5F6722B9A25100927617 /* FirestoreReferenceManager.swift */ = {isa = PBXFileReference; lastKnownFileType = sourcecode.swift; path = FirestoreReferenceManager.swift; sourceTree = "<group>"; };
		67ECAF088BF6AFEF50E0F77B /* Pods-GroupProject.debug.xcconfig */ = {isa = PBXFileReference; includeInIndex = 1; lastKnownFileType = text.xcconfig; name = "Pods-GroupProject.debug.xcconfig"; path = "Target Support Files/Pods-GroupProject/Pods-GroupProject.debug.xcconfig"; sourceTree = "<group>"; };
		7C5F0C7D02B39B7FCC4FB47B /* Pods-GroupProject.release.xcconfig */ = {isa = PBXFileReference; includeInIndex = 1; lastKnownFileType = text.xcconfig; name = "Pods-GroupProject.release.xcconfig"; path = "Target Support Files/Pods-GroupProject/Pods-GroupProject.release.xcconfig"; sourceTree = "<group>"; };
		CA03A7D722C5295600B2EC9C /* ProfileTab.storyboard */ = {isa = PBXFileReference; fileEncoding = 4; lastKnownFileType = file.storyboard; path = ProfileTab.storyboard; sourceTree = "<group>"; };
		CA03A7D922C5297B00B2EC9C /* SearchTab.storyboard */ = {isa = PBXFileReference; fileEncoding = 4; lastKnownFileType = file.storyboard; path = SearchTab.storyboard; sourceTree = "<group>"; };
		CA03A7DB22C5299600B2EC9C /* RecipeTab.storyboard */ = {isa = PBXFileReference; fileEncoding = 4; lastKnownFileType = file.storyboard; path = RecipeTab.storyboard; sourceTree = "<group>"; };
		CA03A7DD22C529B400B2EC9C /* ProductTab.storyboard */ = {isa = PBXFileReference; fileEncoding = 4; lastKnownFileType = file.storyboard; path = ProductTab.storyboard; sourceTree = "<group>"; };
		CA03A7DF22C529F500B2EC9C /* JuiceReview.storyboard */ = {isa = PBXFileReference; fileEncoding = 4; lastKnownFileType = file.storyboard; path = JuiceReview.storyboard; sourceTree = "<group>"; };
		CA03A7E122C52A0F00B2EC9C /* LocationDetails.storyboard */ = {isa = PBXFileReference; fileEncoding = 4; lastKnownFileType = file.storyboard; path = LocationDetails.storyboard; sourceTree = "<group>"; };
		CA03A7E322C52A2E00B2EC9C /* Help.storyboard */ = {isa = PBXFileReference; fileEncoding = 4; lastKnownFileType = file.storyboard; path = Help.storyboard; sourceTree = "<group>"; };
		CA03A7E522C52A4200B2EC9C /* RecipeDetail.storyboard */ = {isa = PBXFileReference; fileEncoding = 4; lastKnownFileType = file.storyboard; path = RecipeDetail.storyboard; sourceTree = "<group>"; };
		CA488C2622BC2242000C6224 /* FeaturedRecipeCollectionViewCell.swift */ = {isa = PBXFileReference; lastKnownFileType = sourcecode.swift; path = FeaturedRecipeCollectionViewCell.swift; sourceTree = "<group>"; };
		CA488C2822BC22D2000C6224 /* AllRecipesCollectionViewCell.swift */ = {isa = PBXFileReference; lastKnownFileType = sourcecode.swift; path = AllRecipesCollectionViewCell.swift; sourceTree = "<group>"; };
		CA4CCFA122C576F1003E944E /* PaddingLabel.swift */ = {isa = PBXFileReference; lastKnownFileType = sourcecode.swift; path = PaddingLabel.swift; sourceTree = "<group>"; };
		CA5678C422B9976F0062306C /* Recipe.swift */ = {isa = PBXFileReference; lastKnownFileType = sourcecode.swift; path = Recipe.swift; sourceTree = "<group>"; };
		CA5678C622B9978F0062306C /* RecipeController.swift */ = {isa = PBXFileReference; lastKnownFileType = sourcecode.swift; path = RecipeController.swift; sourceTree = "<group>"; };
		CA611AC422C13BE900122569 /* ImagePicker.swift */ = {isa = PBXFileReference; lastKnownFileType = sourcecode.swift; path = ImagePicker.swift; sourceTree = "<group>"; };
		CA611AC622C1852400122569 /* SliderStepper.swift */ = {isa = PBXFileReference; lastKnownFileType = sourcecode.swift; path = SliderStepper.swift; sourceTree = "<group>"; };
		CA7704E522BD415D004FC270 /* Product.swift */ = {isa = PBXFileReference; lastKnownFileType = sourcecode.swift; path = Product.swift; sourceTree = "<group>"; };
		CA7704E722BD4357004FC270 /* ProductController.swift */ = {isa = PBXFileReference; lastKnownFileType = sourcecode.swift; path = ProductController.swift; sourceTree = "<group>"; };
		CA78F25222BAAA4C00F068E1 /* LocationTableViewCell.swift */ = {isa = PBXFileReference; lastKnownFileType = sourcecode.swift; path = LocationTableViewCell.swift; sourceTree = "<group>"; };
		CA78F25422BAE78C00F068E1 /* Debouncer.swift */ = {isa = PBXFileReference; lastKnownFileType = sourcecode.swift; path = Debouncer.swift; sourceTree = "<group>"; };
		CA80A48C22B8130200558D20 /* LocationSearchViewController.swift */ = {isa = PBXFileReference; lastKnownFileType = sourcecode.swift; path = LocationSearchViewController.swift; sourceTree = "<group>"; };
		CA80A48E22B8131100558D20 /* RecipesViewController.swift */ = {isa = PBXFileReference; lastKnownFileType = sourcecode.swift; path = RecipesViewController.swift; sourceTree = "<group>"; };
		CA80A49022B8132A00558D20 /* ProductsViewController.swift */ = {isa = PBXFileReference; lastKnownFileType = sourcecode.swift; path = ProductsViewController.swift; sourceTree = "<group>"; };
		CA80A49322B8143900558D20 /* ProfileViewController.swift */ = {isa = PBXFileReference; lastKnownFileType = sourcecode.swift; path = ProfileViewController.swift; sourceTree = "<group>"; };
		CA80A49722B814CF00558D20 /* RecipeViewController.swift */ = {isa = PBXFileReference; lastKnownFileType = sourcecode.swift; path = RecipeViewController.swift; sourceTree = "<group>"; };
		CA80A49922B814FA00558D20 /* ReviewViewController.swift */ = {isa = PBXFileReference; lastKnownFileType = sourcecode.swift; path = ReviewViewController.swift; sourceTree = "<group>"; };
		CA80A49D22B8153D00558D20 /* HelpViewController.swift */ = {isa = PBXFileReference; lastKnownFileType = sourcecode.swift; path = HelpViewController.swift; sourceTree = "<group>"; };
		CA80A49F22B8156800558D20 /* LocationDetailsViewController.swift */ = {isa = PBXFileReference; lastKnownFileType = sourcecode.swift; path = LocationDetailsViewController.swift; sourceTree = "<group>"; };
		CAD108BD22BBF66300BEC4FE /* LocationReviewTableViewCell.swift */ = {isa = PBXFileReference; lastKnownFileType = sourcecode.swift; path = LocationReviewTableViewCell.swift; sourceTree = "<group>"; };
/* End PBXFileReference section */

/* Begin PBXFrameworksBuildPhase section */
		1732EC5222B455C900E09DD3 /* Frameworks */ = {
			isa = PBXFrameworksBuildPhase;
			buildActionMask = 2147483647;
			files = (
				F802FEFF2D707DCECB38856E /* Pods_GroupProject.framework in Frameworks */,
			);
			runOnlyForDeploymentPostprocessing = 0;
		};
/* End PBXFrameworksBuildPhase section */

/* Begin PBXGroup section */
		1383BE455EED720F8E0B0FF0 /* Pods */ = {
			isa = PBXGroup;
			children = (
				67ECAF088BF6AFEF50E0F77B /* Pods-GroupProject.debug.xcconfig */,
				7C5F0C7D02B39B7FCC4FB47B /* Pods-GroupProject.release.xcconfig */,
			);
			path = Pods;
			sourceTree = "<group>";
		};
		16FDEAED22BD2EFE005B66E0 /* Custom UI */ = {
			isa = PBXGroup;
			children = (
				16FDEAEE22BD2F11005B66E0 /* Style Guide.swift */,
				16FDEAF022BD30AE005B66E0 /* CustomBarButtonItems.swift */,
				16FDEAF222BD3729005B66E0 /* CustomLabel.swift */,
				16FDEAF422BD39B6005B66E0 /* CustomTextField.swift */,
				16FDEAF622BD3E52005B66E0 /* CustomReviewLabel.swift */,
				16FDEAF822BD3EBF005B66E0 /* CustomCollectionView.swift */,
				16FDEAFA22BD3FA6005B66E0 /* CustomCollectionViewView.swift */,
				CA611AC622C1852400122569 /* SliderStepper.swift */,
				16FD085922C3C8E70033D4A8 /* CustomTableView.swift */,
				16FD085B22C3D8880033D4A8 /* CustomUIImage.swift */,
				16FFDFD122C427DA00640A33 /* CustomTextView.swift */,
				16FFDFD322C530DC00640A33 /* CustomSearchBar.swift */,
				16FFDFD522C5320B00640A33 /* CustomLocationButton.swift */,
				CA4CCFA122C576F1003E944E /* PaddingLabel.swift */,
			);
			path = "Custom UI";
			sourceTree = "<group>";
		};
		1732EC4C22B455C900E09DD3 = {
			isa = PBXGroup;
			children = (
				1732EC5722B455C900E09DD3 /* GroupProject */,
				1732EC5622B455C900E09DD3 /* Products */,
				1383BE455EED720F8E0B0FF0 /* Pods */,
				F5588A9E5994D2FF3A34D122 /* Frameworks */,
			);
			sourceTree = "<group>";
		};
		1732EC5622B455C900E09DD3 /* Products */ = {
			isa = PBXGroup;
			children = (
				1732EC5522B455C900E09DD3 /* GroupProject.app */,
			);
			name = Products;
			sourceTree = "<group>";
		};
		1732EC5722B455C900E09DD3 /* GroupProject */ = {
			isa = PBXGroup;
			children = (
				16FDEAED22BD2EFE005B66E0 /* Custom UI */,
				CA78F25122BAAA2A00F068E1 /* Views */,
				178E476B22B832A40097F4DD /* Network Services */,
				178E476622B8311C0097F4DD /* Models */,
				178E476E22B844050097F4DD /* Model Controllers */,
				CA80A48922B811D100558D20 /* Resources */,
				1732EC5F22B455C900E09DD3 /* GroupProject.xcdatamodeld */,
				CA80A49222B8133500558D20 /* View Controllers */,
			);
			path = GroupProject;
			sourceTree = "<group>";
		};
		178E476622B8311C0097F4DD /* Models */ = {
			isa = PBXGroup;
			children = (
				17EB5F5B22B9890600927617 /* JuiceNowBusinessInfo.swift */,
				1718269722BAA6240019B317 /* User.swift */,
				17EB5F5D22B98A4200927617 /* JuiceNowBusinessReview.swift */,
				17EB5F5F22B98B0C00927617 /* JuiceReview.swift */,
				178E476422B831100097F4DD /* Business.swift */,
				178E476722B8312A0097F4DD /* YelpReview.swift */,
				CA78F25422BAE78C00F068E1 /* Debouncer.swift */,
				17056A7F22BD428500EF5742 /* CoreLocationManager.swift */,
				CA5678C422B9976F0062306C /* Recipe.swift */,
				CA7704E522BD415D004FC270 /* Product.swift */,
			);
			path = Models;
			sourceTree = "<group>";
		};
		178E476B22B832A40097F4DD /* Network Services */ = {
			isa = PBXGroup;
			children = (
				178E476922B832A00097F4DD /* YelpService.swift */,
				17EB5F6522B9A17900927617 /* FirebaseService.swift */,
				17EB5F6722B9A25100927617 /* FirestoreReferenceManager.swift */,
			);
			path = "Network Services";
			sourceTree = "<group>";
		};
		178E476E22B844050097F4DD /* Model Controllers */ = {
			isa = PBXGroup;
			children = (
				178E476C22B844020097F4DD /* BusinessController.swift */,
				1718269F22BACCD30019B317 /* JuiceNowBusinessInfoController.swift */,
				171826A122BACD420019B317 /* JuiceNowBusiessReviewController.swift */,
				171826A322BAE51D0019B317 /* JuiceReviewController.swift */,
				1718269B22BAA82A0019B317 /* UserController.swift */,
				178E476F22B844140097F4DD /* YelpReviewController.swift */,
				CA5678C622B9978F0062306C /* RecipeController.swift */,
				CA7704E722BD4357004FC270 /* ProductController.swift */,
				CA611AC422C13BE900122569 /* ImagePicker.swift */,
			);
			path = "Model Controllers";
			sourceTree = "<group>";
		};
		CA78F25122BAAA2A00F068E1 /* Views */ = {
			isa = PBXGroup;
			children = (
				CA03A7E522C52A4200B2EC9C /* RecipeDetail.storyboard */,
				CA03A7E322C52A2E00B2EC9C /* Help.storyboard */,
				CA03A7E122C52A0F00B2EC9C /* LocationDetails.storyboard */,
				CA03A7DF22C529F500B2EC9C /* JuiceReview.storyboard */,
				CA03A7DD22C529B400B2EC9C /* ProductTab.storyboard */,
				CA03A7DB22C5299600B2EC9C /* RecipeTab.storyboard */,
				CA03A7D922C5297B00B2EC9C /* SearchTab.storyboard */,
				CA03A7D722C5295600B2EC9C /* ProfileTab.storyboard */,
				1732EC5C22B455C900E09DD3 /* Main.storyboard */,
				CA78F25222BAAA4C00F068E1 /* LocationTableViewCell.swift */,
				CAD108BD22BBF66300BEC4FE /* LocationReviewTableViewCell.swift */,
				1725050722BC298100C0EB63 /* VisitedCollectionViewCell.swift */,
				1725050922BC29A900C0EB63 /* ReviewTableViewCell.swift */,
				CA488C2622BC2242000C6224 /* FeaturedRecipeCollectionViewCell.swift */,
				CA488C2822BC22D2000C6224 /* AllRecipesCollectionViewCell.swift */,
				16FD085122C139A30033D4A8 /* SuggestedProductsCollectionViewCell.swift */,
				16FD085322C13B3B0033D4A8 /* BeginnerProductsCollectionViewCell.swift */,
				16FD085522C13BC00033D4A8 /* IntermediateProductsCollectionViewCell.swift */,
				16FD085722C13C130033D4A8 /* AdvancedProductsCollectionViewCell.swift */,
			);
			path = Views;
			sourceTree = "<group>";
		};
		CA80A48922B811D100558D20 /* Resources */ = {
			isa = PBXGroup;
			children = (
				1732EC5822B455C900E09DD3 /* AppDelegate.swift */,
				1732EC6222B455CA00E09DD3 /* Assets.xcassets */,
				1732EC6422B455CA00E09DD3 /* LaunchScreen.storyboard */,
				1732EC6722B455CA00E09DD3 /* Info.plist */,
				17EB5F6122B99AF900927617 /* GoogleService-Info.plist */,
			);
			path = Resources;
			sourceTree = "<group>";
		};
		CA80A49222B8133500558D20 /* View Controllers */ = {
			isa = PBXGroup;
			children = (
				CA80A49B22B8150800558D20 /* Tab Views */,
				CA80A49C22B8151700558D20 /* Extra Views */,
			);
			path = "View Controllers";
			sourceTree = "<group>";
		};
		CA80A49B22B8150800558D20 /* Tab Views */ = {
			isa = PBXGroup;
			children = (
				CA80A49322B8143900558D20 /* ProfileViewController.swift */,
				CA80A48C22B8130200558D20 /* LocationSearchViewController.swift */,
				CA80A48E22B8131100558D20 /* RecipesViewController.swift */,
				CA80A49022B8132A00558D20 /* ProductsViewController.swift */,
			);
			path = "Tab Views";
			sourceTree = "<group>";
		};
		CA80A49C22B8151700558D20 /* Extra Views */ = {
			isa = PBXGroup;
			children = (
				CA80A49F22B8156800558D20 /* LocationDetailsViewController.swift */,
				1725050D22BC3CCA00C0EB63 /* InitialFetchViewController.swift */,
				1725050B22BC2B0400C0EB63 /* CheatSheetCollectionViewController.swift */,
				CA80A49722B814CF00558D20 /* RecipeViewController.swift */,
				CA80A49922B814FA00558D20 /* ReviewViewController.swift */,
				CA80A49D22B8153D00558D20 /* HelpViewController.swift */,
			);
			path = "Extra Views";
			sourceTree = "<group>";
		};
		F5588A9E5994D2FF3A34D122 /* Frameworks */ = {
			isa = PBXGroup;
			children = (
				1367DF4F86852A5B90BC18DA /* Pods_GroupProject.framework */,
			);
			name = Frameworks;
			sourceTree = "<group>";
		};
/* End PBXGroup section */

/* Begin PBXNativeTarget section */
		1732EC5422B455C900E09DD3 /* GroupProject */ = {
			isa = PBXNativeTarget;
			buildConfigurationList = 1732EC6A22B455CA00E09DD3 /* Build configuration list for PBXNativeTarget "GroupProject" */;
			buildPhases = (
				D1EF58FC59299920531716D3 /* [CP] Check Pods Manifest.lock */,
				1732EC5122B455C900E09DD3 /* Sources */,
				1732EC5222B455C900E09DD3 /* Frameworks */,
				1732EC5322B455C900E09DD3 /* Resources */,
				F92179C2DE875D07148E61A5 /* [CP] Embed Pods Frameworks */,
			);
			buildRules = (
			);
			dependencies = (
			);
			name = GroupProject;
			productName = GroupProject;
			productReference = 1732EC5522B455C900E09DD3 /* GroupProject.app */;
			productType = "com.apple.product-type.application";
		};
/* End PBXNativeTarget section */

/* Begin PBXProject section */
		1732EC4D22B455C900E09DD3 /* Project object */ = {
			isa = PBXProject;
			attributes = {
				LastSwiftUpdateCheck = 1020;
				LastUpgradeCheck = 1020;
				ORGANIZATIONNAME = DustinKoch;
				TargetAttributes = {
					1732EC5422B455C900E09DD3 = {
						CreatedOnToolsVersion = 10.2.1;
					};
				};
			};
			buildConfigurationList = 1732EC5022B455C900E09DD3 /* Build configuration list for PBXProject "GroupProject" */;
			compatibilityVersion = "Xcode 9.3";
			developmentRegion = en;
			hasScannedForEncodings = 0;
			knownRegions = (
				en,
				Base,
			);
			mainGroup = 1732EC4C22B455C900E09DD3;
			productRefGroup = 1732EC5622B455C900E09DD3 /* Products */;
			projectDirPath = "";
			projectRoot = "";
			targets = (
				1732EC5422B455C900E09DD3 /* GroupProject */,
			);
		};
/* End PBXProject section */

/* Begin PBXResourcesBuildPhase section */
		1732EC5322B455C900E09DD3 /* Resources */ = {
			isa = PBXResourcesBuildPhase;
			buildActionMask = 2147483647;
			files = (
				CA03A7D822C5295600B2EC9C /* ProfileTab.storyboard in Resources */,
				CA03A7E622C52A4200B2EC9C /* RecipeDetail.storyboard in Resources */,
				CA03A7DC22C5299600B2EC9C /* RecipeTab.storyboard in Resources */,
				1732EC6622B455CA00E09DD3 /* LaunchScreen.storyboard in Resources */,
				CA03A7E422C52A2E00B2EC9C /* Help.storyboard in Resources */,
				CA03A7E022C529F500B2EC9C /* JuiceReview.storyboard in Resources */,
				CA03A7DA22C5297B00B2EC9C /* SearchTab.storyboard in Resources */,
				CA03A7DE22C529B400B2EC9C /* ProductTab.storyboard in Resources */,
				CA03A7E222C52A0F00B2EC9C /* LocationDetails.storyboard in Resources */,
				1732EC6322B455CA00E09DD3 /* Assets.xcassets in Resources */,
				1732EC5E22B455C900E09DD3 /* Main.storyboard in Resources */,
				17EB5F6222B99AF900927617 /* GoogleService-Info.plist in Resources */,
			);
			runOnlyForDeploymentPostprocessing = 0;
		};
/* End PBXResourcesBuildPhase section */

/* Begin PBXShellScriptBuildPhase section */
		D1EF58FC59299920531716D3 /* [CP] Check Pods Manifest.lock */ = {
			isa = PBXShellScriptBuildPhase;
			buildActionMask = 2147483647;
			files = (
			);
			inputFileListPaths = (
			);
			inputPaths = (
				"${PODS_PODFILE_DIR_PATH}/Podfile.lock",
				"${PODS_ROOT}/Manifest.lock",
			);
			name = "[CP] Check Pods Manifest.lock";
			outputFileListPaths = (
			);
			outputPaths = (
				"$(DERIVED_FILE_DIR)/Pods-GroupProject-checkManifestLockResult.txt",
			);
			runOnlyForDeploymentPostprocessing = 0;
			shellPath = /bin/sh;
			shellScript = "diff \"${PODS_PODFILE_DIR_PATH}/Podfile.lock\" \"${PODS_ROOT}/Manifest.lock\" > /dev/null\nif [ $? != 0 ] ; then\n    # print error to STDERR\n    echo \"error: The sandbox is not in sync with the Podfile.lock. Run 'pod install' or update your CocoaPods installation.\" >&2\n    exit 1\nfi\n# This output is used by Xcode 'outputs' to avoid re-running this script phase.\necho \"SUCCESS\" > \"${SCRIPT_OUTPUT_FILE_0}\"\n";
			showEnvVarsInLog = 0;
		};
		F92179C2DE875D07148E61A5 /* [CP] Embed Pods Frameworks */ = {
			isa = PBXShellScriptBuildPhase;
			buildActionMask = 2147483647;
			files = (
			);
			inputFileListPaths = (
				"${PODS_ROOT}/Target Support Files/Pods-GroupProject/Pods-GroupProject-frameworks-${CONFIGURATION}-input-files.xcfilelist",
			);
			name = "[CP] Embed Pods Frameworks";
			outputFileListPaths = (
				"${PODS_ROOT}/Target Support Files/Pods-GroupProject/Pods-GroupProject-frameworks-${CONFIGURATION}-output-files.xcfilelist",
			);
			runOnlyForDeploymentPostprocessing = 0;
			shellPath = /bin/sh;
			shellScript = "\"${PODS_ROOT}/Target Support Files/Pods-GroupProject/Pods-GroupProject-frameworks.sh\"\n";
			showEnvVarsInLog = 0;
		};
/* End PBXShellScriptBuildPhase section */

/* Begin PBXSourcesBuildPhase section */
		1732EC5122B455C900E09DD3 /* Sources */ = {
			isa = PBXSourcesBuildPhase;
			buildActionMask = 2147483647;
			files = (
				1718269C22BAA82A0019B317 /* UserController.swift in Sources */,
				178E476522B831100097F4DD /* Business.swift in Sources */,
				17056A8022BD428500EF5742 /* CoreLocationManager.swift in Sources */,
				1725050A22BC29A900C0EB63 /* ReviewTableViewCell.swift in Sources */,
				CA80A4A022B8156800558D20 /* LocationDetailsViewController.swift in Sources */,
				CA488C2722BC2242000C6224 /* FeaturedRecipeCollectionViewCell.swift in Sources */,
				CA80A49E22B8153D00558D20 /* HelpViewController.swift in Sources */,
				1725050C22BC2B0400C0EB63 /* CheatSheetCollectionViewController.swift in Sources */,
				1718269822BAA6240019B317 /* User.swift in Sources */,
				16FDEAF722BD3E52005B66E0 /* CustomReviewLabel.swift in Sources */,
				178E476D22B844020097F4DD /* BusinessController.swift in Sources */,
				CA80A49122B8132A00558D20 /* ProductsViewController.swift in Sources */,
				16FDEAEF22BD2F11005B66E0 /* Style Guide.swift in Sources */,
				16FDEAF122BD30AE005B66E0 /* CustomBarButtonItems.swift in Sources */,
				16FFDFD422C530DC00640A33 /* CustomSearchBar.swift in Sources */,
				178E476A22B832A00097F4DD /* YelpService.swift in Sources */,
				16FDEAF322BD372A005B66E0 /* CustomLabel.swift in Sources */,
				16FFDFD222C427DA00640A33 /* CustomTextView.swift in Sources */,
				16FDEAF522BD39B6005B66E0 /* CustomTextField.swift in Sources */,
				16FDEAFB22BD3FA6005B66E0 /* CustomCollectionViewView.swift in Sources */,
				CA4CCFA222C576F1003E944E /* PaddingLabel.swift in Sources */,
				16FD085C22C3D8880033D4A8 /* CustomUIImage.swift in Sources */,
				1732EC6122B455C900E09DD3 /* GroupProject.xcdatamodeld in Sources */,
				CA488C2922BC22D2000C6224 /* AllRecipesCollectionViewCell.swift in Sources */,
				CA80A49A22B814FA00558D20 /* ReviewViewController.swift in Sources */,
				1725050822BC298100C0EB63 /* VisitedCollectionViewCell.swift in Sources */,
				CA5678C722B9978F0062306C /* RecipeController.swift in Sources */,
				CA5678C522B9976F0062306C /* Recipe.swift in Sources */,
				1732EC5922B455C900E09DD3 /* AppDelegate.swift in Sources */,
				171826A222BACD420019B317 /* JuiceNowBusiessReviewController.swift in Sources */,
				16FD085A22C3C8E70033D4A8 /* CustomTableView.swift in Sources */,
				16FD085222C139A30033D4A8 /* SuggestedProductsCollectionViewCell.swift in Sources */,
				16FD085622C13BC00033D4A8 /* IntermediateProductsCollectionViewCell.swift in Sources */,
				178E477022B844140097F4DD /* YelpReviewController.swift in Sources */,
				16FD085422C13B3B0033D4A8 /* BeginnerProductsCollectionViewCell.swift in Sources */,
				17EB5F5E22B98A4200927617 /* JuiceNowBusinessReview.swift in Sources */,
				16FD085822C13C130033D4A8 /* AdvancedProductsCollectionViewCell.swift in Sources */,
				17EB5F5C22B9890600927617 /* JuiceNowBusinessInfo.swift in Sources */,
				CA7704E822BD4357004FC270 /* ProductController.swift in Sources */,
				171826A422BAE51D0019B317 /* JuiceReviewController.swift in Sources */,
				16FFDFD622C5320B00640A33 /* CustomLocationButton.swift in Sources */,
				1725050E22BC3CCA00C0EB63 /* InitialFetchViewController.swift in Sources */,
				CA611AC722C1852400122569 /* SliderStepper.swift in Sources */,
				17EB5F6822B9A25100927617 /* FirestoreReferenceManager.swift in Sources */,
				CA78F25322BAAA4C00F068E1 /* LocationTableViewCell.swift in Sources */,
				CA80A49422B8143900558D20 /* ProfileViewController.swift in Sources */,
				17EB5F6022B98B0C00927617 /* JuiceReview.swift in Sources */,
				178E476822B8312A0097F4DD /* YelpReview.swift in Sources */,
				17EB5F6622B9A17900927617 /* FirebaseService.swift in Sources */,
				CA80A48F22B8131100558D20 /* RecipesViewController.swift in Sources */,
				171826A022BACCD30019B317 /* JuiceNowBusinessInfoController.swift in Sources */,
				CA80A48D22B8130200558D20 /* LocationSearchViewController.swift in Sources */,
				CA78F25522BAE78C00F068E1 /* Debouncer.swift in Sources */,
				CAD108BE22BBF66300BEC4FE /* LocationReviewTableViewCell.swift in Sources */,
				CA80A49822B814CF00558D20 /* RecipeViewController.swift in Sources */,
				CA611AC522C13BE900122569 /* ImagePicker.swift in Sources */,
				CA7704E622BD415D004FC270 /* Product.swift in Sources */,
				16FDEAF922BD3EBF005B66E0 /* CustomCollectionView.swift in Sources */,
			);
			runOnlyForDeploymentPostprocessing = 0;
		};
/* End PBXSourcesBuildPhase section */

/* Begin PBXVariantGroup section */
		1732EC5C22B455C900E09DD3 /* Main.storyboard */ = {
			isa = PBXVariantGroup;
			children = (
				1732EC5D22B455C900E09DD3 /* Base */,
			);
			name = Main.storyboard;
			sourceTree = "<group>";
		};
		1732EC6422B455CA00E09DD3 /* LaunchScreen.storyboard */ = {
			isa = PBXVariantGroup;
			children = (
				1732EC6522B455CA00E09DD3 /* Base */,
			);
			name = LaunchScreen.storyboard;
			sourceTree = "<group>";
		};
/* End PBXVariantGroup section */

/* Begin XCBuildConfiguration section */
		1732EC6822B455CA00E09DD3 /* Debug */ = {
			isa = XCBuildConfiguration;
			buildSettings = {
				ALWAYS_SEARCH_USER_PATHS = NO;
				CLANG_ANALYZER_NONNULL = YES;
				CLANG_ANALYZER_NUMBER_OBJECT_CONVERSION = YES_AGGRESSIVE;
				CLANG_CXX_LANGUAGE_STANDARD = "gnu++14";
				CLANG_CXX_LIBRARY = "libc++";
				CLANG_ENABLE_MODULES = YES;
				CLANG_ENABLE_OBJC_ARC = YES;
				CLANG_ENABLE_OBJC_WEAK = YES;
				CLANG_WARN_BLOCK_CAPTURE_AUTORELEASING = YES;
				CLANG_WARN_BOOL_CONVERSION = YES;
				CLANG_WARN_COMMA = YES;
				CLANG_WARN_CONSTANT_CONVERSION = YES;
				CLANG_WARN_DEPRECATED_OBJC_IMPLEMENTATIONS = YES;
				CLANG_WARN_DIRECT_OBJC_ISA_USAGE = YES_ERROR;
				CLANG_WARN_DOCUMENTATION_COMMENTS = YES;
				CLANG_WARN_EMPTY_BODY = YES;
				CLANG_WARN_ENUM_CONVERSION = YES;
				CLANG_WARN_INFINITE_RECURSION = YES;
				CLANG_WARN_INT_CONVERSION = YES;
				CLANG_WARN_NON_LITERAL_NULL_CONVERSION = YES;
				CLANG_WARN_OBJC_IMPLICIT_RETAIN_SELF = YES;
				CLANG_WARN_OBJC_LITERAL_CONVERSION = YES;
				CLANG_WARN_OBJC_ROOT_CLASS = YES_ERROR;
				CLANG_WARN_RANGE_LOOP_ANALYSIS = YES;
				CLANG_WARN_STRICT_PROTOTYPES = YES;
				CLANG_WARN_SUSPICIOUS_MOVE = YES;
				CLANG_WARN_UNGUARDED_AVAILABILITY = YES_AGGRESSIVE;
				CLANG_WARN_UNREACHABLE_CODE = YES;
				CLANG_WARN__DUPLICATE_METHOD_MATCH = YES;
				CODE_SIGN_IDENTITY = "iPhone Developer";
				COPY_PHASE_STRIP = NO;
				DEBUG_INFORMATION_FORMAT = dwarf;
				ENABLE_STRICT_OBJC_MSGSEND = YES;
				ENABLE_TESTABILITY = YES;
				GCC_C_LANGUAGE_STANDARD = gnu11;
				GCC_DYNAMIC_NO_PIC = NO;
				GCC_NO_COMMON_BLOCKS = YES;
				GCC_OPTIMIZATION_LEVEL = 0;
				GCC_PREPROCESSOR_DEFINITIONS = (
					"DEBUG=1",
					"$(inherited)",
				);
				GCC_WARN_64_TO_32_BIT_CONVERSION = YES;
				GCC_WARN_ABOUT_RETURN_TYPE = YES_ERROR;
				GCC_WARN_UNDECLARED_SELECTOR = YES;
				GCC_WARN_UNINITIALIZED_AUTOS = YES_AGGRESSIVE;
				GCC_WARN_UNUSED_FUNCTION = YES;
				GCC_WARN_UNUSED_VARIABLE = YES;
				IPHONEOS_DEPLOYMENT_TARGET = 12.2;
				MTL_ENABLE_DEBUG_INFO = INCLUDE_SOURCE;
				MTL_FAST_MATH = YES;
				ONLY_ACTIVE_ARCH = YES;
				SDKROOT = iphoneos;
				SWIFT_ACTIVE_COMPILATION_CONDITIONS = DEBUG;
				SWIFT_OPTIMIZATION_LEVEL = "-Onone";
			};
			name = Debug;
		};
		1732EC6922B455CA00E09DD3 /* Release */ = {
			isa = XCBuildConfiguration;
			buildSettings = {
				ALWAYS_SEARCH_USER_PATHS = NO;
				CLANG_ANALYZER_NONNULL = YES;
				CLANG_ANALYZER_NUMBER_OBJECT_CONVERSION = YES_AGGRESSIVE;
				CLANG_CXX_LANGUAGE_STANDARD = "gnu++14";
				CLANG_CXX_LIBRARY = "libc++";
				CLANG_ENABLE_MODULES = YES;
				CLANG_ENABLE_OBJC_ARC = YES;
				CLANG_ENABLE_OBJC_WEAK = YES;
				CLANG_WARN_BLOCK_CAPTURE_AUTORELEASING = YES;
				CLANG_WARN_BOOL_CONVERSION = YES;
				CLANG_WARN_COMMA = YES;
				CLANG_WARN_CONSTANT_CONVERSION = YES;
				CLANG_WARN_DEPRECATED_OBJC_IMPLEMENTATIONS = YES;
				CLANG_WARN_DIRECT_OBJC_ISA_USAGE = YES_ERROR;
				CLANG_WARN_DOCUMENTATION_COMMENTS = YES;
				CLANG_WARN_EMPTY_BODY = YES;
				CLANG_WARN_ENUM_CONVERSION = YES;
				CLANG_WARN_INFINITE_RECURSION = YES;
				CLANG_WARN_INT_CONVERSION = YES;
				CLANG_WARN_NON_LITERAL_NULL_CONVERSION = YES;
				CLANG_WARN_OBJC_IMPLICIT_RETAIN_SELF = YES;
				CLANG_WARN_OBJC_LITERAL_CONVERSION = YES;
				CLANG_WARN_OBJC_ROOT_CLASS = YES_ERROR;
				CLANG_WARN_RANGE_LOOP_ANALYSIS = YES;
				CLANG_WARN_STRICT_PROTOTYPES = YES;
				CLANG_WARN_SUSPICIOUS_MOVE = YES;
				CLANG_WARN_UNGUARDED_AVAILABILITY = YES_AGGRESSIVE;
				CLANG_WARN_UNREACHABLE_CODE = YES;
				CLANG_WARN__DUPLICATE_METHOD_MATCH = YES;
				CODE_SIGN_IDENTITY = "iPhone Developer";
				COPY_PHASE_STRIP = NO;
				DEBUG_INFORMATION_FORMAT = "dwarf-with-dsym";
				ENABLE_NS_ASSERTIONS = NO;
				ENABLE_STRICT_OBJC_MSGSEND = YES;
				GCC_C_LANGUAGE_STANDARD = gnu11;
				GCC_NO_COMMON_BLOCKS = YES;
				GCC_WARN_64_TO_32_BIT_CONVERSION = YES;
				GCC_WARN_ABOUT_RETURN_TYPE = YES_ERROR;
				GCC_WARN_UNDECLARED_SELECTOR = YES;
				GCC_WARN_UNINITIALIZED_AUTOS = YES_AGGRESSIVE;
				GCC_WARN_UNUSED_FUNCTION = YES;
				GCC_WARN_UNUSED_VARIABLE = YES;
				IPHONEOS_DEPLOYMENT_TARGET = 12.2;
				MTL_ENABLE_DEBUG_INFO = NO;
				MTL_FAST_MATH = YES;
				SDKROOT = iphoneos;
				SWIFT_COMPILATION_MODE = wholemodule;
				SWIFT_OPTIMIZATION_LEVEL = "-O";
				VALIDATE_PRODUCT = YES;
			};
			name = Release;
		};
		1732EC6B22B455CA00E09DD3 /* Debug */ = {
			isa = XCBuildConfiguration;
			baseConfigurationReference = 67ECAF088BF6AFEF50E0F77B /* Pods-GroupProject.debug.xcconfig */;
			buildSettings = {
				ASSETCATALOG_COMPILER_APPICON_NAME = AppIcon;
				CODE_SIGN_STYLE = Automatic;
				DEVELOPMENT_TEAM = "";
				INFOPLIST_FILE = "$(SRCROOT)/GroupProject/Resources/Info.plist";
				LD_RUNPATH_SEARCH_PATHS = (
					"$(inherited)",
					"@executable_path/Frameworks",
				);
				PRODUCT_BUNDLE_IDENTIFIER = com.HaleyJones.GroupProject;
				PRODUCT_NAME = "$(TARGET_NAME)";
				SWIFT_VERSION = 5.0;
				TARGETED_DEVICE_FAMILY = "1,2";
			};
			name = Debug;
		};
		1732EC6C22B455CA00E09DD3 /* Release */ = {
			isa = XCBuildConfiguration;
			baseConfigurationReference = 7C5F0C7D02B39B7FCC4FB47B /* Pods-GroupProject.release.xcconfig */;
			buildSettings = {
				ASSETCATALOG_COMPILER_APPICON_NAME = AppIcon;
				CODE_SIGN_STYLE = Automatic;
				DEVELOPMENT_TEAM = "";
				INFOPLIST_FILE = "$(SRCROOT)/GroupProject/Resources/Info.plist";
				LD_RUNPATH_SEARCH_PATHS = (
					"$(inherited)",
					"@executable_path/Frameworks",
				);
				PRODUCT_BUNDLE_IDENTIFIER = com.HaleyJones.GroupProject;
				PRODUCT_NAME = "$(TARGET_NAME)";
				SWIFT_VERSION = 5.0;
				TARGETED_DEVICE_FAMILY = "1,2";
			};
			name = Release;
		};
/* End XCBuildConfiguration section */

/* Begin XCConfigurationList section */
		1732EC5022B455C900E09DD3 /* Build configuration list for PBXProject "GroupProject" */ = {
			isa = XCConfigurationList;
			buildConfigurations = (
				1732EC6822B455CA00E09DD3 /* Debug */,
				1732EC6922B455CA00E09DD3 /* Release */,
			);
			defaultConfigurationIsVisible = 0;
			defaultConfigurationName = Release;
		};
		1732EC6A22B455CA00E09DD3 /* Build configuration list for PBXNativeTarget "GroupProject" */ = {
			isa = XCConfigurationList;
			buildConfigurations = (
				1732EC6B22B455CA00E09DD3 /* Debug */,
				1732EC6C22B455CA00E09DD3 /* Release */,
			);
			defaultConfigurationIsVisible = 0;
			defaultConfigurationName = Release;
		};
/* End XCConfigurationList section */

/* Begin XCVersionGroup section */
		1732EC5F22B455C900E09DD3 /* GroupProject.xcdatamodeld */ = {
			isa = XCVersionGroup;
			children = (
				1732EC6022B455C900E09DD3 /* GroupProject.xcdatamodel */,
			);
			currentVersion = 1732EC6022B455C900E09DD3 /* GroupProject.xcdatamodel */;
			path = GroupProject.xcdatamodeld;
			sourceTree = "<group>";
			versionGroupType = wrapper.xcdatamodel;
		};
/* End XCVersionGroup section */
	};
	rootObject = 1732EC4D22B455C900E09DD3 /* Project object */;
}
